// !$*UTF8*$!
{
	archiveVersion = 1;
	classes = {
	};
	objectVersion = 50;
	objects = {

/* Begin PBXBuildFile section */
		95F4FFAE21F3C61100A94115 /* AppDelegate.swift in Sources */ = {isa = PBXBuildFile; fileRef = 95F4FFAD21F3C61100A94115 /* AppDelegate.swift */; };
		95F4FFB021F3C61100A94115 /* ViewController.swift in Sources */ = {isa = PBXBuildFile; fileRef = 95F4FFAF21F3C61100A94115 /* ViewController.swift */; };
		95F4FFB321F3C61100A94115 /* Main.storyboard in Resources */ = {isa = PBXBuildFile; fileRef = 95F4FFB121F3C61100A94115 /* Main.storyboard */; };
		95F4FFB521F3C61200A94115 /* Assets.xcassets in Resources */ = {isa = PBXBuildFile; fileRef = 95F4FFB421F3C61200A94115 /* Assets.xcassets */; };
		95F4FFB821F3C61200A94115 /* LaunchScreen.storyboard in Resources */ = {isa = PBXBuildFile; fileRef = 95F4FFB621F3C61200A94115 /* LaunchScreen.storyboard */; };
		95F4FFC421F3C8CA00A94115 /* d.mp3 in Resources */ = {isa = PBXBuildFile; fileRef = 95F4FFC021F3C8CA00A94115 /* d.mp3 */; };
		95F4FFC521F3C8CA00A94115 /* a.mp3 in Resources */ = {isa = PBXBuildFile; fileRef = 95F4FFC121F3C8CA00A94115 /* a.mp3 */; };
		95F4FFC621F3C8CA00A94115 /* b.mp3 in Resources */ = {isa = PBXBuildFile; fileRef = 95F4FFC221F3C8CA00A94115 /* b.mp3 */; };
		95F4FFC721F3C8CA00A94115 /* c.mp3 in Resources */ = {isa = PBXBuildFile; fileRef = 95F4FFC321F3C8CA00A94115 /* c.mp3 */; };
/* End PBXBuildFile section */

/* Begin PBXFileReference section */
		95F4FFAA21F3C61100A94115 /* Soundboard.app */ = {isa = PBXFileReference; explicitFileType = wrapper.application; includeInIndex = 0; path = Soundboard.app; sourceTree = BUILT_PRODUCTS_DIR; };
		95F4FFAD21F3C61100A94115 /* AppDelegate.swift */ = {isa = PBXFileReference; lastKnownFileType = sourcecode.swift; path = AppDelegate.swift; sourceTree = "<group>"; };
		95F4FFAF21F3C61100A94115 /* ViewController.swift */ = {isa = PBXFileReference; lastKnownFileType = sourcecode.swift; path = ViewController.swift; sourceTree = "<group>"; };
		95F4FFB221F3C61100A94115 /* Base */ = {isa = PBXFileReference; lastKnownFileType = file.storyboard; name = Base; path = Base.lproj/Main.storyboard; sourceTree = "<group>"; };
		95F4FFB421F3C61200A94115 /* Assets.xcassets */ = {isa = PBXFileReference; lastKnownFileType = folder.assetcatalog; path = Assets.xcassets; sourceTree = "<group>"; };
		95F4FFB721F3C61200A94115 /* Base */ = {isa = PBXFileReference; lastKnownFileType = file.storyboard; name = Base; path = Base.lproj/LaunchScreen.storyboard; sourceTree = "<group>"; };
		95F4FFB921F3C61200A94115 /* Info.plist */ = {isa = PBXFileReference; lastKnownFileType = text.plist.xml; path = Info.plist; sourceTree = "<group>"; };
		95F4FFC021F3C8CA00A94115 /* d.mp3 */ = {isa = PBXFileReference; lastKnownFileType = audio.mp3; path = d.mp3; sourceTree = "<group>"; };
		95F4FFC121F3C8CA00A94115 /* a.mp3 */ = {isa = PBXFileReference; lastKnownFileType = audio.mp3; path = a.mp3; sourceTree = "<group>"; };
		95F4FFC221F3C8CA00A94115 /* b.mp3 */ = {isa = PBXFileReference; lastKnownFileType = audio.mp3; path = b.mp3; sourceTree = "<group>"; };
		95F4FFC321F3C8CA00A94115 /* c.mp3 */ = {isa = PBXFileReference; lastKnownFileType = audio.mp3; path = c.mp3; sourceTree = "<group>"; };
/* End PBXFileReference section */

/* Begin PBXFrameworksBuildPhase section */
		95F4FFA721F3C61100A94115 /* Frameworks */ = {
			isa = PBXFrameworksBuildPhase;
			buildActionMask = 2147483647;
			files = (
			);
			runOnlyForDeploymentPostprocessing = 0;
		};
/* End PBXFrameworksBuildPhase section */

/* Begin PBXGroup section */
		95F4FFA121F3C61100A94115 = {
			isa = PBXGroup;
			children = (
				95F4FFAC21F3C61100A94115 /* Soundboard */,
				95F4FFAB21F3C61100A94115 /* Products */,
			);
			sourceTree = "<group>";
		};
		95F4FFAB21F3C61100A94115 /* Products */ = {
			isa = PBXGroup;
			children = (
				95F4FFAA21F3C61100A94115 /* Soundboard.app */,
			);
			name = Products;
			sourceTree = "<group>";
		};
		95F4FFAC21F3C61100A94115 /* Soundboard */ = {
			isa = PBXGroup;
			children = (
				95F4FFAD21F3C61100A94115 /* AppDelegate.swift */,
				95F4FFAF21F3C61100A94115 /* ViewController.swift */,
				95F4FFB121F3C61100A94115 /* Main.storyboard */,
				95F4FFBF21F3C8BC00A94115 /* Sounds */,
				95F4FFB421F3C61200A94115 /* Assets.xcassets */,
				95F4FFB621F3C61200A94115 /* LaunchScreen.storyboard */,
				95F4FFB921F3C61200A94115 /* Info.plist */,
			);
			path = Soundboard;
			sourceTree = "<group>";
		};
		95F4FFBF21F3C8BC00A94115 /* Sounds */ = {
			isa = PBXGroup;
			children = (
				95F4FFC121F3C8CA00A94115 /* a.mp3 */,
				95F4FFC221F3C8CA00A94115 /* b.mp3 */,
				95F4FFC321F3C8CA00A94115 /* c.mp3 */,
				95F4FFC021F3C8CA00A94115 /* d.mp3 */,
			);
			path = Sounds;
			sourceTree = "<group>";
		};
/* End PBXGroup section */

/* Begin PBXNativeTarget section */
		95F4FFA921F3C61100A94115 /* Soundboard */ = {
			isa = PBXNativeTarget;
			buildConfigurationList = 95F4FFBC21F3C61200A94115 /* Build configuration list for PBXNativeTarget "Soundboard" */;
			buildPhases = (
				95F4FFA621F3C61100A94115 /* Sources */,
				95F4FFA721F3C61100A94115 /* Frameworks */,
				95F4FFA821F3C61100A94115 /* Resources */,
			);
			buildRules = (
			);
			dependencies = (
			);
			name = Soundboard;
			productName = Soundboard;
			productReference = 95F4FFAA21F3C61100A94115 /* Soundboard.app */;
			productType = "com.apple.product-type.application";
		};
/* End PBXNativeTarget section */

/* Begin PBXProject section */
		95F4FFA221F3C61100A94115 /* Project object */ = {
			isa = PBXProject;
			attributes = {
				LastSwiftUpdateCheck = 1010;
				LastUpgradeCheck = 1010;
				ORGANIZATIONNAME = "Lucas Dahl";
				TargetAttributes = {
					95F4FFA921F3C61100A94115 = {
						CreatedOnToolsVersion = 10.1;
					};
				};
			};
			buildConfigurationList = 95F4FFA521F3C61100A94115 /* Build configuration list for PBXProject "Soundboard" */;
			compatibilityVersion = "Xcode 9.3";
			developmentRegion = en;
			hasScannedForEncodings = 0;
			knownRegions = (
				en,
				Base,
			);
			mainGroup = 95F4FFA121F3C61100A94115;
			productRefGroup = 95F4FFAB21F3C61100A94115 /* Products */;
			projectDirPath = "";
			projectRoot = "";
			targets = (
				95F4FFA921F3C61100A94115 /* Soundboard */,
			);
		};
/* End PBXProject section */

/* Begin PBXResourcesBuildPhase section */
		95F4FFA821F3C61100A94115 /* Resources */ = {
			isa = PBXResourcesBuildPhase;
			buildActionMask = 2147483647;
			files = (
				95F4FFB821F3C61200A94115 /* LaunchScreen.storyboard in Resources */,
				95F4FFB521F3C61200A94115 /* Assets.xcassets in Resources */,
				95F4FFB321F3C61100A94115 /* Main.storyboard in Resources */,
				95F4FFC621F3C8CA00A94115 /* b.mp3 in Resources */,
				95F4FFC521F3C8CA00A94115 /* a.mp3 in Resources */,
				95F4FFC721F3C8CA00A94115 /* c.mp3 in Resources */,
				95F4FFC421F3C8CA00A94115 /* d.mp3 in Resources */,
			);
			runOnlyForDeploymentPostprocessing = 0;
		};
/* End PBXResourcesBuildPhase section */

/* Begin PBXSourcesBuildPhase section */
		95F4FFA621F3C61100A94115 /* Sources */ = {
			isa = PBXSourcesBuildPhase;
			buildActionMask = 2147483647;
			files = (
				95F4FFB021F3C61100A94115 /* ViewController.swift in Sources */,
				95F4FFAE21F3C61100A94115 /* AppDelegate.swift in Sources */,
			);
			runOnlyForDeploymentPostprocessing = 0;
		};
/* End PBXSourcesBuildPhase section */

/* Begin PBXVariantGroup section */
		95F4FFB121F3C61100A94115 /* Main.storyboard */ = {
			isa = PBXVariantGroup;
			children = (
				95F4FFB221F3C61100A94115 /* Base */,
			);
			name = Main.storyboard;
			sourceTree = "<group>";
		};
		95F4FFB621F3C61200A94115 /* LaunchScreen.storyboard */ = {
			isa = PBXVariantGroup;
			children = (
				95F4FFB721F3C61200A94115 /* Base */,
			);
			name = LaunchScreen.storyboard;
			sourceTree = "<group>";
		};
/* End PBXVariantGroup section */

/* Begin XCBuildConfiguration section */
		95F4FFBA21F3C61200A94115 /* Debug */ = {
			isa = XCBuildConfiguration;
			buildSettings = {
				ALWAYS_SEARCH_USER_PATHS = NO;
				CLANG_ANALYZER_NONNULL = YES;
				CLANG_ANALYZER_NUMBER_OBJECT_CONVERSION = YES_AGGRESSIVE;
				CLANG_CXX_LANGUAGE_STANDARD = "gnu++14";
				CLANG_CXX_LIBRARY = "libc++";
				CLANG_ENABLE_MODULES = YES;
				CLANG_ENABLE_OBJC_ARC = YES;
				CLANG_ENABLE_OBJC_WEAK = YES;
				CLANG_WARN_BLOCK_CAPTURE_AUTORELEASING = YES;
				CLANG_WARN_BOOL_CONVERSION = YES;
				CLANG_WARN_COMMA = YES;
				CLANG_WARN_CONSTANT_CONVERSION = YES;
				CLANG_WARN_DEPRECATED_OBJC_IMPLEMENTATIONS = YES;
				CLANG_WARN_DIRECT_OBJC_ISA_USAGE = YES_ERROR;
				CLANG_WARN_DOCUMENTATION_COMMENTS = YES;
				CLANG_WARN_EMPTY_BODY = YES;
				CLANG_WARN_ENUM_CONVERSION = YES;
				CLANG_WARN_INFINITE_RECURSION = YES;
				CLANG_WARN_INT_CONVERSION = YES;
				CLANG_WARN_NON_LITERAL_NULL_CONVERSION = YES;
				CLANG_WARN_OBJC_IMPLICIT_RETAIN_SELF = YES;
				CLANG_WARN_OBJC_LITERAL_CONVERSION = YES;
				CLANG_WARN_OBJC_ROOT_CLASS = YES_ERROR;
				CLANG_WARN_RANGE_LOOP_ANALYSIS = YES;
				CLANG_WARN_STRICT_PROTOTYPES = YES;
				CLANG_WARN_SUSPICIOUS_MOVE = YES;
				CLANG_WARN_UNGUARDED_AVAILABILITY = YES_AGGRESSIVE;
				CLANG_WARN_UNREACHABLE_CODE = YES;
				CLANG_WARN__DUPLICATE_METHOD_MATCH = YES;
				CODE_SIGN_IDENTITY = "iPhone Developer";
				COPY_PHASE_STRIP = NO;
				DEBUG_INFORMATION_FORMAT = dwarf;
				ENABLE_STRICT_OBJC_MSGSEND = YES;
				ENABLE_TESTABILITY = YES;
				GCC_C_LANGUAGE_STANDARD = gnu11;
				GCC_DYNAMIC_NO_PIC = NO;
				GCC_NO_COMMON_BLOCKS = YES;
				GCC_OPTIMIZATION_LEVEL = 0;
				GCC_PREPROCESSOR_DEFINITIONS = (
					"DEBUG=1",
					"$(inherited)",
				);
				GCC_WARN_64_TO_32_BIT_CONVERSION = YES;
				GCC_WARN_ABOUT_RETURN_TYPE = YES_ERROR;
				GCC_WARN_UNDECLARED_SELECTOR = YES;
				GCC_WARN_UNINITIALIZED_AUTOS = YES_AGGRESSIVE;
				GCC_WARN_UNUSED_FUNCTION = YES;
				GCC_WARN_UNUSED_VARIABLE = YES;
				IPHONEOS_DEPLOYMENT_TARGET = 12.1;
				MTL_ENABLE_DEBUG_INFO = INCLUDE_SOURCE;
				MTL_FAST_MATH = YES;
				ONLY_ACTIVE_ARCH = YES;
				SDKROOT = iphoneos;
				SWIFT_ACTIVE_COMPILATION_CONDITIONS = DEBUG;
				SWIFT_OPTIMIZATION_LEVEL = "-Onone";
			};
			name = Debug;
		};
		95F4FFBB21F3C61200A94115 /* Release */ = {
			isa = XCBuildConfiguration;
			buildSettings = {
				ALWAYS_SEARCH_USER_PATHS = NO;
				CLANG_ANALYZER_NONNULL = YES;
				CLANG_ANALYZER_NUMBER_OBJECT_CONVERSION = YES_AGGRESSIVE;
				CLANG_CXX_LANGUAGE_STANDARD = "gnu++14";
				CLANG_CXX_LIBRARY = "libc++";
				CLANG_ENABLE_MODULES = YES;
				CLANG_ENABLE_OBJC_ARC = YES;
				CLANG_ENABLE_OBJC_WEAK = YES;
				CLANG_WARN_BLOCK_CAPTURE_AUTORELEASING = YES;
				CLANG_WARN_BOOL_CONVERSION = YES;
				CLANG_WARN_COMMA = YES;
				CLANG_WARN_CONSTANT_CONVERSION = YES;
				CLANG_WARN_DEPRECATED_OBJC_IMPLEMENTATIONS = YES;
				CLANG_WARN_DIRECT_OBJC_ISA_USAGE = YES_ERROR;
				CLANG_WARN_DOCUMENTATION_COMMENTS = YES;
				CLANG_WARN_EMPTY_BODY = YES;
				CLANG_WARN_ENUM_CONVERSION = YES;
				CLANG_WARN_INFINITE_RECURSION = YES;
				CLANG_WARN_INT_CONVERSION = YES;
				CLANG_WARN_NON_LITERAL_NULL_CONVERSION = YES;
				CLANG_WARN_OBJC_IMPLICIT_RETAIN_SELF = YES;
				CLANG_WARN_OBJC_LITERAL_CONVERSION = YES;
				CLANG_WARN_OBJC_ROOT_CLASS = YES_ERROR;
				CLANG_WARN_RANGE_LOOP_ANALYSIS = YES;
				CLANG_WARN_STRICT_PROTOTYPES = YES;
				CLANG_WARN_SUSPICIOUS_MOVE = YES;
				CLANG_WARN_UNGUARDED_AVAILABILITY = YES_AGGRESSIVE;
				CLANG_WARN_UNREACHABLE_CODE = YES;
				CLANG_WARN__DUPLICATE_METHOD_MATCH = YES;
				CODE_SIGN_IDENTITY = "iPhone Developer";
				COPY_PHASE_STRIP = NO;
				DEBUG_INFORMATION_FORMAT = "dwarf-with-dsym";
				ENABLE_NS_ASSERTIONS = NO;
				ENABLE_STRICT_OBJC_MSGSEND = YES;
				GCC_C_LANGUAGE_STANDARD = gnu11;
				GCC_NO_COMMON_BLOCKS = YES;
				GCC_WARN_64_TO_32_BIT_CONVERSION = YES;
				GCC_WARN_ABOUT_RETURN_TYPE = YES_ERROR;
				GCC_WARN_UNDECLARED_SELECTOR = YES;
				GCC_WARN_UNINITIALIZED_AUTOS = YES_AGGRESSIVE;
				GCC_WARN_UNUSED_FUNCTION = YES;
				GCC_WARN_UNUSED_VARIABLE = YES;
				IPHONEOS_DEPLOYMENT_TARGET = 12.1;
				MTL_ENABLE_DEBUG_INFO = NO;
				MTL_FAST_MATH = YES;
				SDKROOT = iphoneos;
				SWIFT_COMPILATION_MODE = wholemodule;
				SWIFT_OPTIMIZATION_LEVEL = "-O";
				VALIDATE_PRODUCT = YES;
			};
			name = Release;
		};
		95F4FFBD21F3C61200A94115 /* Debug */ = {
			isa = XCBuildConfiguration;
			buildSettings = {
				ASSETCATALOG_COMPILER_APPICON_NAME = AppIcon;
				CODE_SIGN_STYLE = Automatic;
				DEVELOPMENT_TEAM = CW7RK4BNJW;
				INFOPLIST_FILE = Soundboard/Info.plist;
				LD_RUNPATH_SEARCH_PATHS = (
					"$(inherited)",
					"@executable_path/Frameworks",
				);
				PRODUCT_BUNDLE_IDENTIFIER = com.lucas.Soundboard;
				PRODUCT_NAME = "$(TARGET_NAME)";
				SWIFT_VERSION = 4.2;
				TARGETED_DEVICE_FAMILY = "1,2";
			};
			name = Debug;
		};
		95F4FFBE21F3C61200A94115 /* Release */ = {
			isa = XCBuildConfiguration;
			buildSettings = {
				ASSETCATALOG_COMPILER_APPICON_NAME = AppIcon;
				CODE_SIGN_STYLE = Automatic;
				DEVELOPMENT_TEAM = CW7RK4BNJW;
				INFOPLIST_FILE = Soundboard/Info.plist;
				LD_RUNPATH_SEARCH_PATHS = (
					"$(inherited)",
					"@executable_path/Frameworks",
				);
				PRODUCT_BUNDLE_IDENTIFIER = com.lucas.Soundboard;
				PRODUCT_NAME = "$(TARGET_NAME)";
				SWIFT_VERSION = 4.2;
				TARGETED_DEVICE_FAMILY = "1,2";
			};
			name = Release;
		};
/* End XCBuildConfiguration section */

/* Begin XCConfigurationList section */
		95F4FFA521F3C61100A94115 /* Build configuration list for PBXProject "Soundboard" */ = {
			isa = XCConfigurationList;
			buildConfigurations = (
				95F4FFBA21F3C61200A94115 /* Debug */,
				95F4FFBB21F3C61200A94115 /* Release */,
			);
			defaultConfigurationIsVisible = 0;
			defaultConfigurationName = Release;
		};
		95F4FFBC21F3C61200A94115 /* Build configuration list for PBXNativeTarget "Soundboard" */ = {
			isa = XCConfigurationList;
			buildConfigurations = (
				95F4FFBD21F3C61200A94115 /* Debug */,
				95F4FFBE21F3C61200A94115 /* Release */,
			);
			defaultConfigurationIsVisible = 0;
			defaultConfigurationName = Release;
		};
/* End XCConfigurationList section */
	};
	rootObject = 95F4FFA221F3C61100A94115 /* Project object */;
}
